
Microsoft Visual Studio Solution File, Format Version 12.00
# Visual Studio Version 17
VisualStudioVersion = 17.10.35122.118
MinimumVisualStudioVersion = 10.0.40219.1
Project("{2150E333-8FDC-42A3-9474-1A3956D46DE8}") = "src", "src", "{BF35F300-B256-45C2-8761-5F9D2B9763A6}"
EndProject
Project("{9A19103F-16F7-4668-BE54-9A1E7A4F7556}") = "TransMlecz", "src\TransMlecz\TransMlecz.csproj", "{2CC89A63-1D68-485E-9C84-246F6A34D1FE}"
EndProject
Project("{2150E333-8FDC-42A3-9474-1A3956D46DE8}") = "Shared", "Shared", "{BCEF905C-0111-49C5-9501-810381D42481}"
EndProject
Project("{FAE04EC0-301F-11D3-BF4B-00C04F79EFBC}") = "TruckEntity", "Shared\TruckEntity\TruckEntity.csproj", "{E408F212-E79A-4450-8F8F-142BC0BC5741}"
EndProject
Project("{FAE04EC0-301F-11D3-BF4B-00C04F79EFBC}") = "DriverEntity", "Shared\DriverEntity\DriverEntity.csproj", "{846E6C06-33EA-4406-975D-5BA424863570}"
EndProject
Global
	GlobalSection(SolutionConfigurationPlatforms) = preSolution
		Debug|Any CPU = Debug|Any CPU
		Release|Any CPU = Release|Any CPU
	EndGlobalSection
	GlobalSection(ProjectConfigurationPlatforms) = postSolution
		{2CC89A63-1D68-485E-9C84-246F6A34D1FE}.Debug|Any CPU.ActiveCfg = Debug|Any CPU
		{2CC89A63-1D68-485E-9C84-246F6A34D1FE}.Debug|Any CPU.Build.0 = Debug|Any CPU
		{2CC89A63-1D68-485E-9C84-246F6A34D1FE}.Release|Any CPU.ActiveCfg = Release|Any CPU
		{2CC89A63-1D68-485E-9C84-246F6A34D1FE}.Release|Any CPU.Build.0 = Release|Any CPU
		{E408F212-E79A-4450-8F8F-142BC0BC5741}.Debug|Any CPU.ActiveCfg = Debug|Any CPU
		{E408F212-E79A-4450-8F8F-142BC0BC5741}.Debug|Any CPU.Build.0 = Debug|Any CPU
		{E408F212-E79A-4450-8F8F-142BC0BC5741}.Release|Any CPU.ActiveCfg = Release|Any CPU
		{E408F212-E79A-4450-8F8F-142BC0BC5741}.Release|Any CPU.Build.0 = Release|Any CPU
		{846E6C06-33EA-4406-975D-5BA424863570}.Debug|Any CPU.ActiveCfg = Debug|Any CPU
		{846E6C06-33EA-4406-975D-5BA424863570}.Debug|Any CPU.Build.0 = Debug|Any CPU
		{846E6C06-33EA-4406-975D-5BA424863570}.Release|Any CPU.ActiveCfg = Release|Any CPU
		{846E6C06-33EA-4406-975D-5BA424863570}.Release|Any CPU.Build.0 = Release|Any CPU
	EndGlobalSection
	GlobalSection(SolutionProperties) = preSolution
		HideSolutionNode = FALSE
	EndGlobalSection
	GlobalSection(NestedProjects) = preSolution
		{2CC89A63-1D68-485E-9C84-246F6A34D1FE} = {BF35F300-B256-45C2-8761-5F9D2B9763A6}
		{E408F212-E79A-4450-8F8F-142BC0BC5741} = {BCEF905C-0111-49C5-9501-810381D42481}
		{846E6C06-33EA-4406-975D-5BA424863570} = {BCEF905C-0111-49C5-9501-810381D42481}
	EndGlobalSection
	GlobalSection(ExtensibilityGlobals) = postSolution
		SolutionGuid = {E9896005-1A9A-4A3E-A835-093F47D16C85}
	EndGlobalSection
EndGlobal
