
Microsoft Visual Studio Solution File, Format Version 12.00
# Visual Studio Version 17
VisualStudioVersion = 17.10.35122.118
MinimumVisualStudioVersion = 10.0.40219.1
Project("{2150E333-8FDC-42A3-9474-1A3956D46DE8}") = "src", "src", "{BF35F300-B256-45C2-8761-5F9D2B9763A6}"
EndProject
Project("{9A19103F-16F7-4668-BE54-9A1E7A4F7556}") = "App", "src\TransMlecz\App.csproj", "{2CC89A63-1D68-485E-9C84-246F6A34D1FE}"
EndProject
Project("{2150E333-8FDC-42A3-9474-1A3956D46DE8}") = "Shared", "Shared", "{E2523DFF-5CA9-4AA4-A871-61FCC9B71B70}"
EndProject
Project("{9A19103F-16F7-4668-BE54-9A1E7A4F7556}") = "Entities", "src\Shared\Entities\Entities.csproj", "{9CA44907-700E-4C52-AC0E-C26EC506FE8B}"
EndProject
Project("{FAE04EC0-301F-11D3-BF4B-00C04F79EFBC}") = "Functions", "src\Shared\Functions\Functions.csproj", "{20246EAD-E19C-4EE2-AC8C-578580C1D290}"
EndProject
Global
	GlobalSection(SolutionConfigurationPlatforms) = preSolution
		Debug|Any CPU = Debug|Any CPU
		Release|Any CPU = Release|Any CPU
	EndGlobalSection
	GlobalSection(ProjectConfigurationPlatforms) = postSolution
		{2CC89A63-1D68-485E-9C84-246F6A34D1FE}.Debug|Any CPU.ActiveCfg = Debug|Any CPU
		{2CC89A63-1D68-485E-9C84-246F6A34D1FE}.Debug|Any CPU.Build.0 = Debug|Any CPU
		{2CC89A63-1D68-485E-9C84-246F6A34D1FE}.Release|Any CPU.ActiveCfg = Release|Any CPU
		{2CC89A63-1D68-485E-9C84-246F6A34D1FE}.Release|Any CPU.Build.0 = Release|Any CPU
		{9CA44907-700E-4C52-AC0E-C26EC506FE8B}.Debug|Any CPU.ActiveCfg = Debug|Any CPU
		{9CA44907-700E-4C52-AC0E-C26EC506FE8B}.Debug|Any CPU.Build.0 = Debug|Any CPU
		{9CA44907-700E-4C52-AC0E-C26EC506FE8B}.Release|Any CPU.ActiveCfg = Release|Any CPU
		{9CA44907-700E-4C52-AC0E-C26EC506FE8B}.Release|Any CPU.Build.0 = Release|Any CPU
		{20246EAD-E19C-4EE2-AC8C-578580C1D290}.Debug|Any CPU.ActiveCfg = Debug|Any CPU
		{20246EAD-E19C-4EE2-AC8C-578580C1D290}.Debug|Any CPU.Build.0 = Debug|Any CPU
		{20246EAD-E19C-4EE2-AC8C-578580C1D290}.Release|Any CPU.ActiveCfg = Release|Any CPU
		{20246EAD-E19C-4EE2-AC8C-578580C1D290}.Release|Any CPU.Build.0 = Release|Any CPU
	EndGlobalSection
	GlobalSection(SolutionProperties) = preSolution
		HideSolutionNode = FALSE
	EndGlobalSection
	GlobalSection(NestedProjects) = preSolution
		{2CC89A63-1D68-485E-9C84-246F6A34D1FE} = {BF35F300-B256-45C2-8761-5F9D2B9763A6}
		{E2523DFF-5CA9-4AA4-A871-61FCC9B71B70} = {BF35F300-B256-45C2-8761-5F9D2B9763A6}
		{9CA44907-700E-4C52-AC0E-C26EC506FE8B} = {E2523DFF-5CA9-4AA4-A871-61FCC9B71B70}
		{20246EAD-E19C-4EE2-AC8C-578580C1D290} = {E2523DFF-5CA9-4AA4-A871-61FCC9B71B70}
	EndGlobalSection
	GlobalSection(ExtensibilityGlobals) = postSolution
		SolutionGuid = {E9896005-1A9A-4A3E-A835-093F47D16C85}
	EndGlobalSection
EndGlobal
